
Microsoft Visual Studio Solution File, Format Version 12.00
# Visual Studio Version 17
VisualStudioVersion = 17.5.33627.172
MinimumVisualStudioVersion = 10.0.40219.1
Project("{FAE04EC0-301F-11D3-BF4B-00C04F79EFBC}") = "NewsAPI", "NewsAPI\NewsAPI.csproj", "{C80BF584-2695-46FE-AA07-4FDFFCCB1BB5}"
EndProject
Project("{FAE04EC0-301F-11D3-BF4B-00C04F79EFBC}") = "NewsWebApp", "NewsWebApp\NewsWebApp.csproj", "{DC6CDA36-A4B1-42D2-A07E-6CF04D4D83A1}"
EndProject
Project("{FAE04EC0-301F-11D3-BF4B-00C04F79EFBC}") = "NewsAppClasses", "NewsAppClasses\NewsAppClasses.csproj", "{8AF4C176-25D0-4097-8554-B7E161F1F090}"
EndProject
Global
	GlobalSection(SolutionConfigurationPlatforms) = preSolution
		Debug|Any CPU = Debug|Any CPU
		Release|Any CPU = Release|Any CPU
	EndGlobalSection
	GlobalSection(ProjectConfigurationPlatforms) = postSolution
		{C80BF584-2695-46FE-AA07-4FDFFCCB1BB5}.Debug|Any CPU.ActiveCfg = Debug|Any CPU
		{C80BF584-2695-46FE-AA07-4FDFFCCB1BB5}.Debug|Any CPU.Build.0 = Debug|Any CPU
		{C80BF584-2695-46FE-AA07-4FDFFCCB1BB5}.Release|Any CPU.ActiveCfg = Release|Any CPU
		{C80BF584-2695-46FE-AA07-4FDFFCCB1BB5}.Release|Any CPU.Build.0 = Release|Any CPU
		{DC6CDA36-A4B1-42D2-A07E-6CF04D4D83A1}.Debug|Any CPU.ActiveCfg = Debug|Any CPU
		{DC6CDA36-A4B1-42D2-A07E-6CF04D4D83A1}.Debug|Any CPU.Build.0 = Debug|Any CPU
		{DC6CDA36-A4B1-42D2-A07E-6CF04D4D83A1}.Release|Any CPU.ActiveCfg = Release|Any CPU
		{DC6CDA36-A4B1-42D2-A07E-6CF04D4D83A1}.Release|Any CPU.Build.0 = Release|Any CPU
		{8AF4C176-25D0-4097-8554-B7E161F1F090}.Debug|Any CPU.ActiveCfg = Debug|Any CPU
		{8AF4C176-25D0-4097-8554-B7E161F1F090}.Debug|Any CPU.Build.0 = Debug|Any CPU
		{8AF4C176-25D0-4097-8554-B7E161F1F090}.Release|Any CPU.ActiveCfg = Release|Any CPU
		{8AF4C176-25D0-4097-8554-B7E161F1F090}.Release|Any CPU.Build.0 = Release|Any CPU
	EndGlobalSection
	GlobalSection(SolutionProperties) = preSolution
		HideSolutionNode = FALSE
	EndGlobalSection
	GlobalSection(ExtensibilityGlobals) = postSolution
		SolutionGuid = {21A031E6-B9CC-4893-B895-3FC3903144CB}
	EndGlobalSection
EndGlobal
